
Microsoft Visual Studio Solution File, Format Version 11.00
# Visual Studio 2010
Project("{FAE04EC0-301F-11D3-BF4B-00C04F79EFBC}") = "RobotSimulator", "RobotSimulator\RobotSimulator.csproj", "{171BD84B-3805-40A8-8332-D4F68E8862E8}"
EndProject
Project("{FAE04EC0-301F-11D3-BF4B-00C04F79EFBC}") = "RobotControllerLib", "RobotControllerLib\RobotControllerLib.csproj", "{21D11E0D-B0A2-45F5-8FBA-319CEC6FC077}"
EndProject
Project("{2150E333-8FDC-42A3-9474-1A3956D46DE8}") = "Lib", "Lib", "{7F229840-C736-4B73-BB7A-B3F6DF254C64}"
EndProject
Project("{FAE04EC0-301F-11D3-BF4B-00C04F79EFBC}") = "NKH.MindSqualls", "Lib\NKH_MindSqualls_v2_2\NKH.MindSqualls\NKH.MindSqualls.csproj", "{9973018E-FC09-4549-A484-0B702ADE1EE9}"
EndProject
Project("{FAE04EC0-301F-11D3-BF4B-00C04F79EFBC}") = "RobotControllerConsole", "RobotControllerConsole\RobotControllerConsole.csproj", "{AD272A5F-D79A-4F2A-8EB7-FD8F7768D323}"
EndProject
Project("{FAE04EC0-301F-11D3-BF4B-00C04F79EFBC}") = "Restrictor", "Restrictor\Restrictor.csproj", "{9FA00B45-3F6B-475E-A44A-9D65B5BC81E1}"
EndProject
Global
	GlobalSection(SolutionConfigurationPlatforms) = preSolution
		Debug|Any CPU = Debug|Any CPU
		Debug|Mixed Platforms = Debug|Mixed Platforms
		Debug|x86 = Debug|x86
		Release|Any CPU = Release|Any CPU
		Release|Mixed Platforms = Release|Mixed Platforms
		Release|x86 = Release|x86
	EndGlobalSection
	GlobalSection(ProjectConfigurationPlatforms) = postSolution
		{171BD84B-3805-40A8-8332-D4F68E8862E8}.Debug|Any CPU.ActiveCfg = Debug|x86
		{171BD84B-3805-40A8-8332-D4F68E8862E8}.Debug|Mixed Platforms.ActiveCfg = Debug|x86
		{171BD84B-3805-40A8-8332-D4F68E8862E8}.Debug|Mixed Platforms.Build.0 = Debug|x86
		{171BD84B-3805-40A8-8332-D4F68E8862E8}.Debug|x86.ActiveCfg = Debug|x86
		{171BD84B-3805-40A8-8332-D4F68E8862E8}.Debug|x86.Build.0 = Debug|x86
		{171BD84B-3805-40A8-8332-D4F68E8862E8}.Release|Any CPU.ActiveCfg = Release|x86
		{171BD84B-3805-40A8-8332-D4F68E8862E8}.Release|Mixed Platforms.ActiveCfg = Release|x86
		{171BD84B-3805-40A8-8332-D4F68E8862E8}.Release|Mixed Platforms.Build.0 = Release|x86
		{171BD84B-3805-40A8-8332-D4F68E8862E8}.Release|x86.ActiveCfg = Release|x86
		{171BD84B-3805-40A8-8332-D4F68E8862E8}.Release|x86.Build.0 = Release|x86
		{21D11E0D-B0A2-45F5-8FBA-319CEC6FC077}.Debug|Any CPU.ActiveCfg = Debug|Any CPU
		{21D11E0D-B0A2-45F5-8FBA-319CEC6FC077}.Debug|Any CPU.Build.0 = Debug|Any CPU
		{21D11E0D-B0A2-45F5-8FBA-319CEC6FC077}.Debug|Mixed Platforms.ActiveCfg = Debug|Any CPU
		{21D11E0D-B0A2-45F5-8FBA-319CEC6FC077}.Debug|Mixed Platforms.Build.0 = Debug|Any CPU
		{21D11E0D-B0A2-45F5-8FBA-319CEC6FC077}.Debug|x86.ActiveCfg = Debug|Any CPU
		{21D11E0D-B0A2-45F5-8FBA-319CEC6FC077}.Release|Any CPU.ActiveCfg = Release|Any CPU
		{21D11E0D-B0A2-45F5-8FBA-319CEC6FC077}.Release|Any CPU.Build.0 = Release|Any CPU
		{21D11E0D-B0A2-45F5-8FBA-319CEC6FC077}.Release|Mixed Platforms.ActiveCfg = Release|Any CPU
		{21D11E0D-B0A2-45F5-8FBA-319CEC6FC077}.Release|Mixed Platforms.Build.0 = Release|Any CPU
		{21D11E0D-B0A2-45F5-8FBA-319CEC6FC077}.Release|x86.ActiveCfg = Release|Any CPU
		{9973018E-FC09-4549-A484-0B702ADE1EE9}.Debug|Any CPU.ActiveCfg = Debug|Any CPU
		{9973018E-FC09-4549-A484-0B702ADE1EE9}.Debug|Any CPU.Build.0 = Debug|Any CPU
		{9973018E-FC09-4549-A484-0B702ADE1EE9}.Debug|Mixed Platforms.ActiveCfg = Debug|Any CPU
		{9973018E-FC09-4549-A484-0B702ADE1EE9}.Debug|Mixed Platforms.Build.0 = Debug|Any CPU
		{9973018E-FC09-4549-A484-0B702ADE1EE9}.Debug|x86.ActiveCfg = Debug|Any CPU
		{9973018E-FC09-4549-A484-0B702ADE1EE9}.Release|Any CPU.ActiveCfg = Release|Any CPU
		{9973018E-FC09-4549-A484-0B702ADE1EE9}.Release|Any CPU.Build.0 = Release|Any CPU
		{9973018E-FC09-4549-A484-0B702ADE1EE9}.Release|Mixed Platforms.ActiveCfg = Release|Any CPU
		{9973018E-FC09-4549-A484-0B702ADE1EE9}.Release|Mixed Platforms.Build.0 = Release|Any CPU
		{9973018E-FC09-4549-A484-0B702ADE1EE9}.Release|x86.ActiveCfg = Release|Any CPU
		{AD272A5F-D79A-4F2A-8EB7-FD8F7768D323}.Debug|Any CPU.ActiveCfg = Debug|x86
		{AD272A5F-D79A-4F2A-8EB7-FD8F7768D323}.Debug|Mixed Platforms.ActiveCfg = Debug|x86
		{AD272A5F-D79A-4F2A-8EB7-FD8F7768D323}.Debug|Mixed Platforms.Build.0 = Debug|x86
		{AD272A5F-D79A-4F2A-8EB7-FD8F7768D323}.Debug|x86.ActiveCfg = Debug|x86
		{AD272A5F-D79A-4F2A-8EB7-FD8F7768D323}.Debug|x86.Build.0 = Debug|x86
		{AD272A5F-D79A-4F2A-8EB7-FD8F7768D323}.Release|Any CPU.ActiveCfg = Release|x86
		{AD272A5F-D79A-4F2A-8EB7-FD8F7768D323}.Release|Mixed Platforms.ActiveCfg = Release|x86
		{AD272A5F-D79A-4F2A-8EB7-FD8F7768D323}.Release|Mixed Platforms.Build.0 = Release|x86
		{AD272A5F-D79A-4F2A-8EB7-FD8F7768D323}.Release|x86.ActiveCfg = Release|x86
		{AD272A5F-D79A-4F2A-8EB7-FD8F7768D323}.Release|x86.Build.0 = Release|x86
		{9FA00B45-3F6B-475E-A44A-9D65B5BC81E1}.Debug|Any CPU.ActiveCfg = Debug|x86
		{9FA00B45-3F6B-475E-A44A-9D65B5BC81E1}.Debug|Mixed Platforms.ActiveCfg = Debug|x86
		{9FA00B45-3F6B-475E-A44A-9D65B5BC81E1}.Debug|Mixed Platforms.Build.0 = Debug|x86
		{9FA00B45-3F6B-475E-A44A-9D65B5BC81E1}.Debug|x86.ActiveCfg = Debug|x86
		{9FA00B45-3F6B-475E-A44A-9D65B5BC81E1}.Debug|x86.Build.0 = Debug|x86
		{9FA00B45-3F6B-475E-A44A-9D65B5BC81E1}.Release|Any CPU.ActiveCfg = Release|x86
		{9FA00B45-3F6B-475E-A44A-9D65B5BC81E1}.Release|Mixed Platforms.ActiveCfg = Release|x86
		{9FA00B45-3F6B-475E-A44A-9D65B5BC81E1}.Release|Mixed Platforms.Build.0 = Release|x86
		{9FA00B45-3F6B-475E-A44A-9D65B5BC81E1}.Release|x86.ActiveCfg = Release|x86
		{9FA00B45-3F6B-475E-A44A-9D65B5BC81E1}.Release|x86.Build.0 = Release|x86
	EndGlobalSection
	GlobalSection(SolutionProperties) = preSolution
		HideSolutionNode = FALSE
	EndGlobalSection
	GlobalSection(NestedProjects) = preSolution
		{9973018E-FC09-4549-A484-0B702ADE1EE9} = {7F229840-C736-4B73-BB7A-B3F6DF254C64}
	EndGlobalSection
EndGlobal
